PODS:
  - Bolts/Tasks (1.8.4)
  - Parse (1.14.2):
    - Bolts/Tasks (~> 1.8)
  - SVProgressHUD (2.1.2)

DEPENDENCIES:
  - Parse
  - SVProgressHUD

SPEC CHECKSUMS:
  Bolts: 8a7995239dbe724f9cba2248b766d48b7ebdd322
  Parse: 4335d65f40cb3d43190d723144bbe1afb9c38230
  SVProgressHUD: c404a55d78acbeb7ebb78b76d3faf986475a6994

PODFILE CHECKSUM: b68cbdef95672500b36572cb50c9a8af1503ab45

COCOAPODS: 1.2.0
