// !$*UTF8*$!
{
	archiveVersion = 1;
	classes = {
	};
	objectVersion = 46;
	objects = {

/* Begin PBXBuildFile section */
		243575B81E7B78060065C33F /* ShareViewController.swift in Sources */ = {isa = PBXBuildFile; fileRef = 243575B71E7B78060065C33F /* ShareViewController.swift */; };
		243AA5DB1E76573400FEB347 /* AppDelegate.swift in Sources */ = {isa = PBXBuildFile; fileRef = 243AA5DA1E76573400FEB347 /* AppDelegate.swift */; };
		243AA5E01E76573400FEB347 /* Main.storyboard in Resources */ = {isa = PBXBuildFile; fileRef = 243AA5DE1E76573400FEB347 /* Main.storyboard */; };
		243AA5E31E76573400FEB347 /* Latergram.xcdatamodeld in Sources */ = {isa = PBXBuildFile; fileRef = 243AA5E11E76573400FEB347 /* Latergram.xcdatamodeld */; };
		243AA5E51E76573400FEB347 /* Assets.xcassets in Resources */ = {isa = PBXBuildFile; fileRef = 243AA5E41E76573400FEB347 /* Assets.xcassets */; };
		243AA5E81E76573400FEB347 /* LaunchScreen.storyboard in Resources */ = {isa = PBXBuildFile; fileRef = 243AA5E61E76573400FEB347 /* LaunchScreen.storyboard */; };
		243AA5F31E76573400FEB347 /* LatergramTests.swift in Sources */ = {isa = PBXBuildFile; fileRef = 243AA5F21E76573400FEB347 /* LatergramTests.swift */; };
		243AA5FE1E76573400FEB347 /* LatergramUITests.swift in Sources */ = {isa = PBXBuildFile; fileRef = 243AA5FD1E76573400FEB347 /* LatergramUITests.swift */; };
		243AA6101E766D5200FEB347 /* LoginViewController.swift in Sources */ = {isa = PBXBuildFile; fileRef = 243AA60F1E766D5200FEB347 /* LoginViewController.swift */; };
		243AA6121E766F8500FEB347 /* HomeViewController.swift in Sources */ = {isa = PBXBuildFile; fileRef = 243AA6111E766F8500FEB347 /* HomeViewController.swift */; };
		243AA6141E76725200FEB347 /* ProfileViewController.swift in Sources */ = {isa = PBXBuildFile; fileRef = 243AA6131E76725200FEB347 /* ProfileViewController.swift */; };
		243AA6181E76727E00FEB347 /* CameraViewController.swift in Sources */ = {isa = PBXBuildFile; fileRef = 243AA6171E76727E00FEB347 /* CameraViewController.swift */; };
		243AA61A1E76728B00FEB347 /* GalleryViewController.swift in Sources */ = {isa = PBXBuildFile; fileRef = 243AA6191E76728B00FEB347 /* GalleryViewController.swift */; };
		2453A1D81E7F6CBF009FFFA3 /* AlertView.swift in Sources */ = {isa = PBXBuildFile; fileRef = 2453A1D71E7F6CBF009FFFA3 /* AlertView.swift */; };
		246674711E779300005D847E /* ParseClient.swift in Sources */ = {isa = PBXBuildFile; fileRef = 246674701E779300005D847E /* ParseClient.swift */; };
		246674731E7793BA005D847E /* User.swift in Sources */ = {isa = PBXBuildFile; fileRef = 246674721E7793BA005D847E /* User.swift */; };
		2469128B1E7DF7D100487EDB /* EditProfileViewController.swift in Sources */ = {isa = PBXBuildFile; fileRef = 2469128A1E7DF7D100487EDB /* EditProfileViewController.swift */; };
		2469128D1E7DFBC000487EDB /* ProfileCollectionViewCell.swift in Sources */ = {isa = PBXBuildFile; fileRef = 2469128C1E7DFBC000487EDB /* ProfileCollectionViewCell.swift */; };
		2469128F1E7DFF4700487EDB /* ProfileCollectionReusableView.swift in Sources */ = {isa = PBXBuildFile; fileRef = 2469128E1E7DFF4700487EDB /* ProfileCollectionReusableView.swift */; };
		246912911E7E078E00487EDB /* Post.swift in Sources */ = {isa = PBXBuildFile; fileRef = 246912901E7E078E00487EDB /* Post.swift */; };
		246912931E7E1DC900487EDB /* HomeTableViewCell.swift in Sources */ = {isa = PBXBuildFile; fileRef = 246912921E7E1DC900487EDB /* HomeTableViewCell.swift */; };
		24F520121E78D3C500D0E2EC /* GalleryCollectionViewCell.swift in Sources */ = {isa = PBXBuildFile; fileRef = 24F520111E78D3C500D0E2EC /* GalleryCollectionViewCell.swift */; };
		6D1E8E093EEA1CE41E5A44F7 /* Pods_Latergram.framework in Frameworks */ = {isa = PBXBuildFile; fileRef = 4E14CB40E59C2DA538640D18 /* Pods_Latergram.framework */; };
		903731713516D38DFCE5AE89 /* Pods_LatergramTests.framework in Frameworks */ = {isa = PBXBuildFile; fileRef = 9CD9E3374465EE33FA7C4CBD /* Pods_LatergramTests.framework */; };
		AC8F0EF0B3E60F1B08E7C210 /* Pods_LatergramUITests.framework in Frameworks */ = {isa = PBXBuildFile; fileRef = A1388D904805E1F541C82012 /* Pods_LatergramUITests.framework */; };
/* End PBXBuildFile section */

/* Begin PBXContainerItemProxy section */
		243AA5EF1E76573400FEB347 /* PBXContainerItemProxy */ = {
			isa = PBXContainerItemProxy;
			containerPortal = 243AA5CF1E76573400FEB347 /* Project object */;
			proxyType = 1;
			remoteGlobalIDString = 243AA5D61E76573400FEB347;
			remoteInfo = Latergram;
		};
		243AA5FA1E76573400FEB347 /* PBXContainerItemProxy */ = {
			isa = PBXContainerItemProxy;
			containerPortal = 243AA5CF1E76573400FEB347 /* Project object */;
			proxyType = 1;
			remoteGlobalIDString = 243AA5D61E76573400FEB347;
			remoteInfo = Latergram;
		};
/* End PBXContainerItemProxy section */

/* Begin PBXFileReference section */
		243575B71E7B78060065C33F /* ShareViewController.swift */ = {isa = PBXFileReference; fileEncoding = 4; lastKnownFileType = sourcecode.swift; path = ShareViewController.swift; sourceTree = "<group>"; };
		243AA5D71E76573400FEB347 /* Latergram.app */ = {isa = PBXFileReference; explicitFileType = wrapper.application; includeInIndex = 0; path = Latergram.app; sourceTree = BUILT_PRODUCTS_DIR; };
		243AA5DA1E76573400FEB347 /* AppDelegate.swift */ = {isa = PBXFileReference; lastKnownFileType = sourcecode.swift; path = AppDelegate.swift; sourceTree = "<group>"; };
		243AA5DF1E76573400FEB347 /* Base */ = {isa = PBXFileReference; lastKnownFileType = file.storyboard; name = Base; path = Base.lproj/Main.storyboard; sourceTree = "<group>"; };
		243AA5E21E76573400FEB347 /* Latergram.xcdatamodel */ = {isa = PBXFileReference; lastKnownFileType = wrapper.xcdatamodel; path = Latergram.xcdatamodel; sourceTree = "<group>"; };
		243AA5E41E76573400FEB347 /* Assets.xcassets */ = {isa = PBXFileReference; lastKnownFileType = folder.assetcatalog; path = Assets.xcassets; sourceTree = "<group>"; };
		243AA5E71E76573400FEB347 /* Base */ = {isa = PBXFileReference; lastKnownFileType = file.storyboard; name = Base; path = Base.lproj/LaunchScreen.storyboard; sourceTree = "<group>"; };
		243AA5E91E76573400FEB347 /* Info.plist */ = {isa = PBXFileReference; lastKnownFileType = text.plist.xml; path = Info.plist; sourceTree = "<group>"; };
		243AA5EE1E76573400FEB347 /* LatergramTests.xctest */ = {isa = PBXFileReference; explicitFileType = wrapper.cfbundle; includeInIndex = 0; path = LatergramTests.xctest; sourceTree = BUILT_PRODUCTS_DIR; };
		243AA5F21E76573400FEB347 /* LatergramTests.swift */ = {isa = PBXFileReference; lastKnownFileType = sourcecode.swift; path = LatergramTests.swift; sourceTree = "<group>"; };
		243AA5F41E76573400FEB347 /* Info.plist */ = {isa = PBXFileReference; lastKnownFileType = text.plist.xml; path = Info.plist; sourceTree = "<group>"; };
		243AA5F91E76573400FEB347 /* LatergramUITests.xctest */ = {isa = PBXFileReference; explicitFileType = wrapper.cfbundle; includeInIndex = 0; path = LatergramUITests.xctest; sourceTree = BUILT_PRODUCTS_DIR; };
		243AA5FD1E76573400FEB347 /* LatergramUITests.swift */ = {isa = PBXFileReference; lastKnownFileType = sourcecode.swift; path = LatergramUITests.swift; sourceTree = "<group>"; };
		243AA5FF1E76573400FEB347 /* Info.plist */ = {isa = PBXFileReference; lastKnownFileType = text.plist.xml; path = Info.plist; sourceTree = "<group>"; };
		243AA60F1E766D5200FEB347 /* LoginViewController.swift */ = {isa = PBXFileReference; fileEncoding = 4; lastKnownFileType = sourcecode.swift; path = LoginViewController.swift; sourceTree = "<group>"; };
		243AA6111E766F8500FEB347 /* HomeViewController.swift */ = {isa = PBXFileReference; fileEncoding = 4; lastKnownFileType = sourcecode.swift; path = HomeViewController.swift; sourceTree = "<group>"; };
		243AA6131E76725200FEB347 /* ProfileViewController.swift */ = {isa = PBXFileReference; fileEncoding = 4; lastKnownFileType = sourcecode.swift; path = ProfileViewController.swift; sourceTree = "<group>"; };
		243AA6171E76727E00FEB347 /* CameraViewController.swift */ = {isa = PBXFileReference; fileEncoding = 4; lastKnownFileType = sourcecode.swift; path = CameraViewController.swift; sourceTree = "<group>"; };
		243AA6191E76728B00FEB347 /* GalleryViewController.swift */ = {isa = PBXFileReference; fileEncoding = 4; lastKnownFileType = sourcecode.swift; path = GalleryViewController.swift; sourceTree = "<group>"; };
		2453A1D71E7F6CBF009FFFA3 /* AlertView.swift */ = {isa = PBXFileReference; fileEncoding = 4; lastKnownFileType = sourcecode.swift; path = AlertView.swift; sourceTree = "<group>"; };
		246674701E779300005D847E /* ParseClient.swift */ = {isa = PBXFileReference; fileEncoding = 4; lastKnownFileType = sourcecode.swift; path = ParseClient.swift; sourceTree = "<group>"; };
		246674721E7793BA005D847E /* User.swift */ = {isa = PBXFileReference; fileEncoding = 4; lastKnownFileType = sourcecode.swift; path = User.swift; sourceTree = "<group>"; };
		2469128A1E7DF7D100487EDB /* EditProfileViewController.swift */ = {isa = PBXFileReference; fileEncoding = 4; lastKnownFileType = sourcecode.swift; path = EditProfileViewController.swift; sourceTree = "<group>"; };
		2469128C1E7DFBC000487EDB /* ProfileCollectionViewCell.swift */ = {isa = PBXFileReference; fileEncoding = 4; lastKnownFileType = sourcecode.swift; path = ProfileCollectionViewCell.swift; sourceTree = "<group>"; };
		2469128E1E7DFF4700487EDB /* ProfileCollectionReusableView.swift */ = {isa = PBXFileReference; fileEncoding = 4; lastKnownFileType = sourcecode.swift; path = ProfileCollectionReusableView.swift; sourceTree = "<group>"; };
		246912901E7E078E00487EDB /* Post.swift */ = {isa = PBXFileReference; fileEncoding = 4; lastKnownFileType = sourcecode.swift; path = Post.swift; sourceTree = "<group>"; };
		246912921E7E1DC900487EDB /* HomeTableViewCell.swift */ = {isa = PBXFileReference; fileEncoding = 4; lastKnownFileType = sourcecode.swift; path = HomeTableViewCell.swift; sourceTree = "<group>"; };
		24F520111E78D3C500D0E2EC /* GalleryCollectionViewCell.swift */ = {isa = PBXFileReference; fileEncoding = 4; lastKnownFileType = sourcecode.swift; path = GalleryCollectionViewCell.swift; sourceTree = "<group>"; };
		3C88BE50A0FA4C988787A15B /* Pods-LatergramUITests.debug.xcconfig */ = {isa = PBXFileReference; includeInIndex = 1; lastKnownFileType = text.xcconfig; name = "Pods-LatergramUITests.debug.xcconfig"; path = "Pods/Target Support Files/Pods-LatergramUITests/Pods-LatergramUITests.debug.xcconfig"; sourceTree = "<group>"; };
		45766DD85B487BC159748412 /* Pods-Latergram.release.xcconfig */ = {isa = PBXFileReference; includeInIndex = 1; lastKnownFileType = text.xcconfig; name = "Pods-Latergram.release.xcconfig"; path = "Pods/Target Support Files/Pods-Latergram/Pods-Latergram.release.xcconfig"; sourceTree = "<group>"; };
		4E14CB40E59C2DA538640D18 /* Pods_Latergram.framework */ = {isa = PBXFileReference; explicitFileType = wrapper.framework; includeInIndex = 0; path = Pods_Latergram.framework; sourceTree = BUILT_PRODUCTS_DIR; };
		9CD9E3374465EE33FA7C4CBD /* Pods_LatergramTests.framework */ = {isa = PBXFileReference; explicitFileType = wrapper.framework; includeInIndex = 0; path = Pods_LatergramTests.framework; sourceTree = BUILT_PRODUCTS_DIR; };
		A1388D904805E1F541C82012 /* Pods_LatergramUITests.framework */ = {isa = PBXFileReference; explicitFileType = wrapper.framework; includeInIndex = 0; path = Pods_LatergramUITests.framework; sourceTree = BUILT_PRODUCTS_DIR; };
		D2FC09827B27C7A2F627DB4D /* Pods-LatergramUITests.release.xcconfig */ = {isa = PBXFileReference; includeInIndex = 1; lastKnownFileType = text.xcconfig; name = "Pods-LatergramUITests.release.xcconfig"; path = "Pods/Target Support Files/Pods-LatergramUITests/Pods-LatergramUITests.release.xcconfig"; sourceTree = "<group>"; };
		E0E5217821D05E4CDC121C7F /* Pods-LatergramTests.release.xcconfig */ = {isa = PBXFileReference; includeInIndex = 1; lastKnownFileType = text.xcconfig; name = "Pods-LatergramTests.release.xcconfig"; path = "Pods/Target Support Files/Pods-LatergramTests/Pods-LatergramTests.release.xcconfig"; sourceTree = "<group>"; };
		E3552FFAF86A0DE962FD11E9 /* Pods-LatergramTests.debug.xcconfig */ = {isa = PBXFileReference; includeInIndex = 1; lastKnownFileType = text.xcconfig; name = "Pods-LatergramTests.debug.xcconfig"; path = "Pods/Target Support Files/Pods-LatergramTests/Pods-LatergramTests.debug.xcconfig"; sourceTree = "<group>"; };
		FB3CAD982D060127A05884A4 /* Pods-Latergram.debug.xcconfig */ = {isa = PBXFileReference; includeInIndex = 1; lastKnownFileType = text.xcconfig; name = "Pods-Latergram.debug.xcconfig"; path = "Pods/Target Support Files/Pods-Latergram/Pods-Latergram.debug.xcconfig"; sourceTree = "<group>"; };
/* End PBXFileReference section */

/* Begin PBXFrameworksBuildPhase section */
		243AA5D41E76573400FEB347 /* Frameworks */ = {
			isa = PBXFrameworksBuildPhase;
			buildActionMask = 2147483647;
			files = (
				6D1E8E093EEA1CE41E5A44F7 /* Pods_Latergram.framework in Frameworks */,
			);
			runOnlyForDeploymentPostprocessing = 0;
		};
		243AA5EB1E76573400FEB347 /* Frameworks */ = {
			isa = PBXFrameworksBuildPhase;
			buildActionMask = 2147483647;
			files = (
				903731713516D38DFCE5AE89 /* Pods_LatergramTests.framework in Frameworks */,
			);
			runOnlyForDeploymentPostprocessing = 0;
		};
		243AA5F61E76573400FEB347 /* Frameworks */ = {
			isa = PBXFrameworksBuildPhase;
			buildActionMask = 2147483647;
			files = (
				AC8F0EF0B3E60F1B08E7C210 /* Pods_LatergramUITests.framework in Frameworks */,
			);
			runOnlyForDeploymentPostprocessing = 0;
		};
/* End PBXFrameworksBuildPhase section */

/* Begin PBXGroup section */
		243AA5CE1E76573400FEB347 = {
			isa = PBXGroup;
			children = (
				243AA5D91E76573400FEB347 /* Latergram */,
				243AA5F11E76573400FEB347 /* LatergramTests */,
				243AA5FC1E76573400FEB347 /* LatergramUITests */,
				243AA5D81E76573400FEB347 /* Products */,
				F701E34AF2979B0DA7032C05 /* Pods */,
				2AFC2B7C60503F8C9041D0DC /* Frameworks */,
			);
			sourceTree = "<group>";
		};
		243AA5D81E76573400FEB347 /* Products */ = {
			isa = PBXGroup;
			children = (
				243AA5D71E76573400FEB347 /* Latergram.app */,
				243AA5EE1E76573400FEB347 /* LatergramTests.xctest */,
				243AA5F91E76573400FEB347 /* LatergramUITests.xctest */,
			);
			name = Products;
			sourceTree = "<group>";
		};
		243AA5D91E76573400FEB347 /* Latergram */ = {
			isa = PBXGroup;
			children = (
				243AA60E1E766D3D00FEB347 /* Client API */,
				243AA60D1E766D3700FEB347 /* models */,
				243AA60C1E766D2B00FEB347 /* view controllers */,
				243AA60B1E766D2100FEB347 /* views */,
				243AA5DA1E76573400FEB347 /* AppDelegate.swift */,
				243AA5DE1E76573400FEB347 /* Main.storyboard */,
				243AA5E41E76573400FEB347 /* Assets.xcassets */,
				243AA5E61E76573400FEB347 /* LaunchScreen.storyboard */,
				243AA5E91E76573400FEB347 /* Info.plist */,
				243AA5E11E76573400FEB347 /* Latergram.xcdatamodeld */,
			);
			path = Latergram;
			sourceTree = "<group>";
		};
		243AA5F11E76573400FEB347 /* LatergramTests */ = {
			isa = PBXGroup;
			children = (
				243AA5F21E76573400FEB347 /* LatergramTests.swift */,
				243AA5F41E76573400FEB347 /* Info.plist */,
			);
			path = LatergramTests;
			sourceTree = "<group>";
		};
		243AA5FC1E76573400FEB347 /* LatergramUITests */ = {
			isa = PBXGroup;
			children = (
				243AA5FD1E76573400FEB347 /* LatergramUITests.swift */,
				243AA5FF1E76573400FEB347 /* Info.plist */,
			);
			path = LatergramUITests;
			sourceTree = "<group>";
		};
		243AA60B1E766D2100FEB347 /* views */ = {
			isa = PBXGroup;
			children = (
				24F520111E78D3C500D0E2EC /* GalleryCollectionViewCell.swift */,
				2469128C1E7DFBC000487EDB /* ProfileCollectionViewCell.swift */,
				2469128E1E7DFF4700487EDB /* ProfileCollectionReusableView.swift */,
				246912921E7E1DC900487EDB /* HomeTableViewCell.swift */,
				2453A1D71E7F6CBF009FFFA3 /* AlertView.swift */,
			);
			name = views;
			sourceTree = "<group>";
		};
		243AA60C1E766D2B00FEB347 /* view controllers */ = {
			isa = PBXGroup;
			children = (
				243AA60F1E766D5200FEB347 /* LoginViewController.swift */,
				243AA6111E766F8500FEB347 /* HomeViewController.swift */,
				243AA6131E76725200FEB347 /* ProfileViewController.swift */,
				243AA6171E76727E00FEB347 /* CameraViewController.swift */,
				243AA6191E76728B00FEB347 /* GalleryViewController.swift */,
				243575B71E7B78060065C33F /* ShareViewController.swift */,
				2469128A1E7DF7D100487EDB /* EditProfileViewController.swift */,
			);
			name = "view controllers";
			sourceTree = "<group>";
		};
		243AA60D1E766D3700FEB347 /* models */ = {
			isa = PBXGroup;
			children = (
				246674721E7793BA005D847E /* User.swift */,
				246912901E7E078E00487EDB /* Post.swift */,
			);
			name = models;
			sourceTree = "<group>";
		};
		243AA60E1E766D3D00FEB347 /* Client API */ = {
			isa = PBXGroup;
			children = (
				246674701E779300005D847E /* ParseClient.swift */,
			);
			name = "Client API";
			sourceTree = "<group>";
		};
		2AFC2B7C60503F8C9041D0DC /* Frameworks */ = {
			isa = PBXGroup;
			children = (
				4E14CB40E59C2DA538640D18 /* Pods_Latergram.framework */,
				9CD9E3374465EE33FA7C4CBD /* Pods_LatergramTests.framework */,
				A1388D904805E1F541C82012 /* Pods_LatergramUITests.framework */,
			);
			name = Frameworks;
			sourceTree = "<group>";
		};
		F701E34AF2979B0DA7032C05 /* Pods */ = {
			isa = PBXGroup;
			children = (
				FB3CAD982D060127A05884A4 /* Pods-Latergram.debug.xcconfig */,
				45766DD85B487BC159748412 /* Pods-Latergram.release.xcconfig */,
				E3552FFAF86A0DE962FD11E9 /* Pods-LatergramTests.debug.xcconfig */,
				E0E5217821D05E4CDC121C7F /* Pods-LatergramTests.release.xcconfig */,
				3C88BE50A0FA4C988787A15B /* Pods-LatergramUITests.debug.xcconfig */,
				D2FC09827B27C7A2F627DB4D /* Pods-LatergramUITests.release.xcconfig */,
			);
			name = Pods;
			sourceTree = "<group>";
		};
/* End PBXGroup section */

/* Begin PBXNativeTarget section */
		243AA5D61E76573400FEB347 /* Latergram */ = {
			isa = PBXNativeTarget;
			buildConfigurationList = 243AA6021E76573400FEB347 /* Build configuration list for PBXNativeTarget "Latergram" */;
			buildPhases = (
				40D9E64E8F40FF4E09AD8B6D /* [CP] Check Pods Manifest.lock */,
				243AA5D31E76573400FEB347 /* Sources */,
				243AA5D41E76573400FEB347 /* Frameworks */,
				243AA5D51E76573400FEB347 /* Resources */,
				4B0CF8D898808BD0D4EA65B5 /* [CP] Embed Pods Frameworks */,
				3410AA72491CAA238FAEF3F6 /* [CP] Copy Pods Resources */,
			);
			buildRules = (
			);
			dependencies = (
			);
			name = Latergram;
			productName = Latergram;
			productReference = 243AA5D71E76573400FEB347 /* Latergram.app */;
			productType = "com.apple.product-type.application";
		};
		243AA5ED1E76573400FEB347 /* LatergramTests */ = {
			isa = PBXNativeTarget;
			buildConfigurationList = 243AA6051E76573400FEB347 /* Build configuration list for PBXNativeTarget "LatergramTests" */;
			buildPhases = (
				0D39DC3DC599A7F0761B4516 /* [CP] Check Pods Manifest.lock */,
				243AA5EA1E76573400FEB347 /* Sources */,
				243AA5EB1E76573400FEB347 /* Frameworks */,
				243AA5EC1E76573400FEB347 /* Resources */,
				EC6CD08BE0F6FBC38C7D1134 /* [CP] Embed Pods Frameworks */,
				AAB989E7DAB9F8907EE7429B /* [CP] Copy Pods Resources */,
			);
			buildRules = (
			);
			dependencies = (
				243AA5F01E76573400FEB347 /* PBXTargetDependency */,
			);
			name = LatergramTests;
			productName = LatergramTests;
			productReference = 243AA5EE1E76573400FEB347 /* LatergramTests.xctest */;
			productType = "com.apple.product-type.bundle.unit-test";
		};
		243AA5F81E76573400FEB347 /* LatergramUITests */ = {
			isa = PBXNativeTarget;
			buildConfigurationList = 243AA6081E76573400FEB347 /* Build configuration list for PBXNativeTarget "LatergramUITests" */;
			buildPhases = (
				DCC0EF52E60C73E9C8E55991 /* [CP] Check Pods Manifest.lock */,
				243AA5F51E76573400FEB347 /* Sources */,
				243AA5F61E76573400FEB347 /* Frameworks */,
				243AA5F71E76573400FEB347 /* Resources */,
				A5F4DF7F407C05A1927558A4 /* [CP] Embed Pods Frameworks */,
				4AFE5827E6A3B758FB2AFAD9 /* [CP] Copy Pods Resources */,
			);
			buildRules = (
			);
			dependencies = (
				243AA5FB1E76573400FEB347 /* PBXTargetDependency */,
			);
			name = LatergramUITests;
			productName = LatergramUITests;
			productReference = 243AA5F91E76573400FEB347 /* LatergramUITests.xctest */;
			productType = "com.apple.product-type.bundle.ui-testing";
		};
/* End PBXNativeTarget section */

/* Begin PBXProject section */
		243AA5CF1E76573400FEB347 /* Project object */ = {
			isa = PBXProject;
			attributes = {
				LastSwiftUpdateCheck = 0820;
				LastUpgradeCheck = 0820;
				ORGANIZATIONNAME = "Satyam Jaiswal";
				TargetAttributes = {
					243AA5D61E76573400FEB347 = {
						CreatedOnToolsVersion = 8.2.1;
						ProvisioningStyle = Automatic;
					};
					243AA5ED1E76573400FEB347 = {
						CreatedOnToolsVersion = 8.2.1;
						ProvisioningStyle = Automatic;
						TestTargetID = 243AA5D61E76573400FEB347;
					};
					243AA5F81E76573400FEB347 = {
						CreatedOnToolsVersion = 8.2.1;
						ProvisioningStyle = Automatic;
						TestTargetID = 243AA5D61E76573400FEB347;
					};
				};
			};
			buildConfigurationList = 243AA5D21E76573400FEB347 /* Build configuration list for PBXProject "Latergram" */;
			compatibilityVersion = "Xcode 3.2";
			developmentRegion = English;
			hasScannedForEncodings = 0;
			knownRegions = (
				en,
				Base,
			);
			mainGroup = 243AA5CE1E76573400FEB347;
			productRefGroup = 243AA5D81E76573400FEB347 /* Products */;
			projectDirPath = "";
			projectRoot = "";
			targets = (
				243AA5D61E76573400FEB347 /* Latergram */,
				243AA5ED1E76573400FEB347 /* LatergramTests */,
				243AA5F81E76573400FEB347 /* LatergramUITests */,
			);
		};
/* End PBXProject section */

/* Begin PBXResourcesBuildPhase section */
		243AA5D51E76573400FEB347 /* Resources */ = {
			isa = PBXResourcesBuildPhase;
			buildActionMask = 2147483647;
			files = (
				243AA5E81E76573400FEB347 /* LaunchScreen.storyboard in Resources */,
				243AA5E51E76573400FEB347 /* Assets.xcassets in Resources */,
				243AA5E01E76573400FEB347 /* Main.storyboard in Resources */,
			);
			runOnlyForDeploymentPostprocessing = 0;
		};
		243AA5EC1E76573400FEB347 /* Resources */ = {
			isa = PBXResourcesBuildPhase;
			buildActionMask = 2147483647;
			files = (
			);
			runOnlyForDeploymentPostprocessing = 0;
		};
		243AA5F71E76573400FEB347 /* Resources */ = {
			isa = PBXResourcesBuildPhase;
			buildActionMask = 2147483647;
			files = (
			);
			runOnlyForDeploymentPostprocessing = 0;
		};
/* End PBXResourcesBuildPhase section */

/* Begin PBXShellScriptBuildPhase section */
		0D39DC3DC599A7F0761B4516 /* [CP] Check Pods Manifest.lock */ = {
			isa = PBXShellScriptBuildPhase;
			buildActionMask = 2147483647;
			files = (
			);
			inputPaths = (
			);
			name = "[CP] Check Pods Manifest.lock";
			outputPaths = (
			);
			runOnlyForDeploymentPostprocessing = 0;
			shellPath = /bin/sh;
			shellScript = "diff \"${PODS_ROOT}/../Podfile.lock\" \"${PODS_ROOT}/Manifest.lock\" > /dev/null\nif [ $? != 0 ] ; then\n    # print error to STDERR\n    echo \"error: The sandbox is not in sync with the Podfile.lock. Run 'pod install' or update your CocoaPods installation.\" >&2\n    exit 1\nfi\n";
			showEnvVarsInLog = 0;
		};
		3410AA72491CAA238FAEF3F6 /* [CP] Copy Pods Resources */ = {
			isa = PBXShellScriptBuildPhase;
			buildActionMask = 2147483647;
			files = (
			);
			inputPaths = (
			);
			name = "[CP] Copy Pods Resources";
			outputPaths = (
			);
			runOnlyForDeploymentPostprocessing = 0;
			shellPath = /bin/sh;
			shellScript = "\"${SRCROOT}/Pods/Target Support Files/Pods-Latergram/Pods-Latergram-resources.sh\"\n";
			showEnvVarsInLog = 0;
		};
		40D9E64E8F40FF4E09AD8B6D /* [CP] Check Pods Manifest.lock */ = {
			isa = PBXShellScriptBuildPhase;
			buildActionMask = 2147483647;
			files = (
			);
			inputPaths = (
			);
			name = "[CP] Check Pods Manifest.lock";
			outputPaths = (
			);
			runOnlyForDeploymentPostprocessing = 0;
			shellPath = /bin/sh;
			shellScript = "diff \"${PODS_ROOT}/../Podfile.lock\" \"${PODS_ROOT}/Manifest.lock\" > /dev/null\nif [ $? != 0 ] ; then\n    # print error to STDERR\n    echo \"error: The sandbox is not in sync with the Podfile.lock. Run 'pod install' or update your CocoaPods installation.\" >&2\n    exit 1\nfi\n";
			showEnvVarsInLog = 0;
		};
		4AFE5827E6A3B758FB2AFAD9 /* [CP] Copy Pods Resources */ = {
			isa = PBXShellScriptBuildPhase;
			buildActionMask = 2147483647;
			files = (
			);
			inputPaths = (
			);
			name = "[CP] Copy Pods Resources";
			outputPaths = (
			);
			runOnlyForDeploymentPostprocessing = 0;
			shellPath = /bin/sh;
			shellScript = "\"${SRCROOT}/Pods/Target Support Files/Pods-LatergramUITests/Pods-LatergramUITests-resources.sh\"\n";
			showEnvVarsInLog = 0;
		};
		4B0CF8D898808BD0D4EA65B5 /* [CP] Embed Pods Frameworks */ = {
			isa = PBXShellScriptBuildPhase;
			buildActionMask = 2147483647;
			files = (
			);
			inputPaths = (
			);
			name = "[CP] Embed Pods Frameworks";
			outputPaths = (
			);
			runOnlyForDeploymentPostprocessing = 0;
			shellPath = /bin/sh;
			shellScript = "\"${SRCROOT}/Pods/Target Support Files/Pods-Latergram/Pods-Latergram-frameworks.sh\"\n";
			showEnvVarsInLog = 0;
		};
		A5F4DF7F407C05A1927558A4 /* [CP] Embed Pods Frameworks */ = {
			isa = PBXShellScriptBuildPhase;
			buildActionMask = 2147483647;
			files = (
			);
			inputPaths = (
			);
			name = "[CP] Embed Pods Frameworks";
			outputPaths = (
			);
			runOnlyForDeploymentPostprocessing = 0;
			shellPath = /bin/sh;
			shellScript = "\"${SRCROOT}/Pods/Target Support Files/Pods-LatergramUITests/Pods-LatergramUITests-frameworks.sh\"\n";
			showEnvVarsInLog = 0;
		};
		AAB989E7DAB9F8907EE7429B /* [CP] Copy Pods Resources */ = {
			isa = PBXShellScriptBuildPhase;
			buildActionMask = 2147483647;
			files = (
			);
			inputPaths = (
			);
			name = "[CP] Copy Pods Resources";
			outputPaths = (
			);
			runOnlyForDeploymentPostprocessing = 0;
			shellPath = /bin/sh;
			shellScript = "\"${SRCROOT}/Pods/Target Support Files/Pods-LatergramTests/Pods-LatergramTests-resources.sh\"\n";
			showEnvVarsInLog = 0;
		};
		DCC0EF52E60C73E9C8E55991 /* [CP] Check Pods Manifest.lock */ = {
			isa = PBXShellScriptBuildPhase;
			buildActionMask = 2147483647;
			files = (
			);
			inputPaths = (
			);
			name = "[CP] Check Pods Manifest.lock";
			outputPaths = (
			);
			runOnlyForDeploymentPostprocessing = 0;
			shellPath = /bin/sh;
			shellScript = "diff \"${PODS_ROOT}/../Podfile.lock\" \"${PODS_ROOT}/Manifest.lock\" > /dev/null\nif [ $? != 0 ] ; then\n    # print error to STDERR\n    echo \"error: The sandbox is not in sync with the Podfile.lock. Run 'pod install' or update your CocoaPods installation.\" >&2\n    exit 1\nfi\n";
			showEnvVarsInLog = 0;
		};
		EC6CD08BE0F6FBC38C7D1134 /* [CP] Embed Pods Frameworks */ = {
			isa = PBXShellScriptBuildPhase;
			buildActionMask = 2147483647;
			files = (
			);
			inputPaths = (
			);
			name = "[CP] Embed Pods Frameworks";
			outputPaths = (
			);
			runOnlyForDeploymentPostprocessing = 0;
			shellPath = /bin/sh;
			shellScript = "\"${SRCROOT}/Pods/Target Support Files/Pods-LatergramTests/Pods-LatergramTests-frameworks.sh\"\n";
			showEnvVarsInLog = 0;
		};
/* End PBXShellScriptBuildPhase section */

/* Begin PBXSourcesBuildPhase section */
		243AA5D31E76573400FEB347 /* Sources */ = {
			isa = PBXSourcesBuildPhase;
			buildActionMask = 2147483647;
			files = (
				243AA6101E766D5200FEB347 /* LoginViewController.swift in Sources */,
				243575B81E7B78060065C33F /* ShareViewController.swift in Sources */,
				24F520121E78D3C500D0E2EC /* GalleryCollectionViewCell.swift in Sources */,
				243AA5E31E76573400FEB347 /* Latergram.xcdatamodeld in Sources */,
				243AA6141E76725200FEB347 /* ProfileViewController.swift in Sources */,
				243AA6181E76727E00FEB347 /* CameraViewController.swift in Sources */,
				243AA61A1E76728B00FEB347 /* GalleryViewController.swift in Sources */,
				246674731E7793BA005D847E /* User.swift in Sources */,
				2469128D1E7DFBC000487EDB /* ProfileCollectionViewCell.swift in Sources */,
				246912911E7E078E00487EDB /* Post.swift in Sources */,
				2469128F1E7DFF4700487EDB /* ProfileCollectionReusableView.swift in Sources */,
				2469128B1E7DF7D100487EDB /* EditProfileViewController.swift in Sources */,
				243AA5DB1E76573400FEB347 /* AppDelegate.swift in Sources */,
				246674711E779300005D847E /* ParseClient.swift in Sources */,
				246912931E7E1DC900487EDB /* HomeTableViewCell.swift in Sources */,
				243AA6121E766F8500FEB347 /* HomeViewController.swift in Sources */,
				2453A1D81E7F6CBF009FFFA3 /* AlertView.swift in Sources */,
			);
			runOnlyForDeploymentPostprocessing = 0;
		};
		243AA5EA1E76573400FEB347 /* Sources */ = {
			isa = PBXSourcesBuildPhase;
			buildActionMask = 2147483647;
			files = (
				243AA5F31E76573400FEB347 /* LatergramTests.swift in Sources */,
			);
			runOnlyForDeploymentPostprocessing = 0;
		};
		243AA5F51E76573400FEB347 /* Sources */ = {
			isa = PBXSourcesBuildPhase;
			buildActionMask = 2147483647;
			files = (
				243AA5FE1E76573400FEB347 /* LatergramUITests.swift in Sources */,
			);
			runOnlyForDeploymentPostprocessing = 0;
		};
/* End PBXSourcesBuildPhase section */

/* Begin PBXTargetDependency section */
		243AA5F01E76573400FEB347 /* PBXTargetDependency */ = {
			isa = PBXTargetDependency;
			target = 243AA5D61E76573400FEB347 /* Latergram */;
			targetProxy = 243AA5EF1E76573400FEB347 /* PBXContainerItemProxy */;
		};
		243AA5FB1E76573400FEB347 /* PBXTargetDependency */ = {
			isa = PBXTargetDependency;
			target = 243AA5D61E76573400FEB347 /* Latergram */;
			targetProxy = 243AA5FA1E76573400FEB347 /* PBXContainerItemProxy */;
		};
/* End PBXTargetDependency section */

/* Begin PBXVariantGroup section */
		243AA5DE1E76573400FEB347 /* Main.storyboard */ = {
			isa = PBXVariantGroup;
			children = (
				243AA5DF1E76573400FEB347 /* Base */,
			);
			name = Main.storyboard;
			sourceTree = "<group>";
		};
		243AA5E61E76573400FEB347 /* LaunchScreen.storyboard */ = {
			isa = PBXVariantGroup;
			children = (
				243AA5E71E76573400FEB347 /* Base */,
			);
			name = LaunchScreen.storyboard;
			sourceTree = "<group>";
		};
/* End PBXVariantGroup section */

/* Begin XCBuildConfiguration section */
		243AA6001E76573400FEB347 /* Debug */ = {
			isa = XCBuildConfiguration;
			buildSettings = {
				ALWAYS_SEARCH_USER_PATHS = NO;
				CLANG_ANALYZER_NONNULL = YES;
				CLANG_CXX_LANGUAGE_STANDARD = "gnu++0x";
				CLANG_CXX_LIBRARY = "libc++";
				CLANG_ENABLE_MODULES = YES;
				CLANG_ENABLE_OBJC_ARC = YES;
				CLANG_WARN_BOOL_CONVERSION = YES;
				CLANG_WARN_CONSTANT_CONVERSION = YES;
				CLANG_WARN_DIRECT_OBJC_ISA_USAGE = YES_ERROR;
				CLANG_WARN_DOCUMENTATION_COMMENTS = YES;
				CLANG_WARN_EMPTY_BODY = YES;
				CLANG_WARN_ENUM_CONVERSION = YES;
				CLANG_WARN_INFINITE_RECURSION = YES;
				CLANG_WARN_INT_CONVERSION = YES;
				CLANG_WARN_OBJC_ROOT_CLASS = YES_ERROR;
				CLANG_WARN_SUSPICIOUS_MOVE = YES;
				CLANG_WARN_UNREACHABLE_CODE = YES;
				CLANG_WARN__DUPLICATE_METHOD_MATCH = YES;
				"CODE_SIGN_IDENTITY[sdk=iphoneos*]" = "iPhone Developer";
				COPY_PHASE_STRIP = NO;
				DEBUG_INFORMATION_FORMAT = dwarf;
				ENABLE_STRICT_OBJC_MSGSEND = YES;
				ENABLE_TESTABILITY = YES;
				GCC_C_LANGUAGE_STANDARD = gnu99;
				GCC_DYNAMIC_NO_PIC = NO;
				GCC_NO_COMMON_BLOCKS = YES;
				GCC_OPTIMIZATION_LEVEL = 0;
				GCC_PREPROCESSOR_DEFINITIONS = (
					"DEBUG=1",
					"$(inherited)",
				);
				GCC_WARN_64_TO_32_BIT_CONVERSION = YES;
				GCC_WARN_ABOUT_RETURN_TYPE = YES_ERROR;
				GCC_WARN_UNDECLARED_SELECTOR = YES;
				GCC_WARN_UNINITIALIZED_AUTOS = YES_AGGRESSIVE;
				GCC_WARN_UNUSED_FUNCTION = YES;
				GCC_WARN_UNUSED_VARIABLE = YES;
				IPHONEOS_DEPLOYMENT_TARGET = 10.2;
				MTL_ENABLE_DEBUG_INFO = YES;
				ONLY_ACTIVE_ARCH = YES;
				SDKROOT = iphoneos;
				SWIFT_ACTIVE_COMPILATION_CONDITIONS = DEBUG;
				SWIFT_OPTIMIZATION_LEVEL = "-Onone";
			};
			name = Debug;
		};
		243AA6011E76573400FEB347 /* Release */ = {
			isa = XCBuildConfiguration;
			buildSettings = {
				ALWAYS_SEARCH_USER_PATHS = NO;
				CLANG_ANALYZER_NONNULL = YES;
				CLANG_CXX_LANGUAGE_STANDARD = "gnu++0x";
				CLANG_CXX_LIBRARY = "libc++";
				CLANG_ENABLE_MODULES = YES;
				CLANG_ENABLE_OBJC_ARC = YES;
				CLANG_WARN_BOOL_CONVERSION = YES;
				CLANG_WARN_CONSTANT_CONVERSION = YES;
				CLANG_WARN_DIRECT_OBJC_ISA_USAGE = YES_ERROR;
				CLANG_WARN_DOCUMENTATION_COMMENTS = YES;
				CLANG_WARN_EMPTY_BODY = YES;
				CLANG_WARN_ENUM_CONVERSION = YES;
				CLANG_WARN_INFINITE_RECURSION = YES;
				CLANG_WARN_INT_CONVERSION = YES;
				CLANG_WARN_OBJC_ROOT_CLASS = YES_ERROR;
				CLANG_WARN_SUSPICIOUS_MOVE = YES;
				CLANG_WARN_UNREACHABLE_CODE = YES;
				CLANG_WARN__DUPLICATE_METHOD_MATCH = YES;
				"CODE_SIGN_IDENTITY[sdk=iphoneos*]" = "iPhone Developer";
				COPY_PHASE_STRIP = NO;
				DEBUG_INFORMATION_FORMAT = "dwarf-with-dsym";
				ENABLE_NS_ASSERTIONS = NO;
				ENABLE_STRICT_OBJC_MSGSEND = YES;
				GCC_C_LANGUAGE_STANDARD = gnu99;
				GCC_NO_COMMON_BLOCKS = YES;
				GCC_WARN_64_TO_32_BIT_CONVERSION = YES;
				GCC_WARN_ABOUT_RETURN_TYPE = YES_ERROR;
				GCC_WARN_UNDECLARED_SELECTOR = YES;
				GCC_WARN_UNINITIALIZED_AUTOS = YES_AGGRESSIVE;
				GCC_WARN_UNUSED_FUNCTION = YES;
				GCC_WARN_UNUSED_VARIABLE = YES;
				IPHONEOS_DEPLOYMENT_TARGET = 10.2;
				MTL_ENABLE_DEBUG_INFO = NO;
				SDKROOT = iphoneos;
				SWIFT_OPTIMIZATION_LEVEL = "-Owholemodule";
				VALIDATE_PRODUCT = YES;
			};
			name = Release;
		};
		243AA6031E76573400FEB347 /* Debug */ = {
			isa = XCBuildConfiguration;
			baseConfigurationReference = FB3CAD982D060127A05884A4 /* Pods-Latergram.debug.xcconfig */;
			buildSettings = {
				ASSETCATALOG_COMPILER_APPICON_NAME = AppIcon;
				INFOPLIST_FILE = Latergram/Info.plist;
				LD_RUNPATH_SEARCH_PATHS = "$(inherited) @executable_path/Frameworks";
				PRODUCT_BUNDLE_IDENTIFIER = www.codepath.com.Latergram;
				PRODUCT_NAME = "$(TARGET_NAME)";
				SWIFT_VERSION = 3.0;
			};
			name = Debug;
		};
		243AA6041E76573400FEB347 /* Release */ = {
			isa = XCBuildConfiguration;
			baseConfigurationReference = 45766DD85B487BC159748412 /* Pods-Latergram.release.xcconfig */;
			buildSettings = {
				ASSETCATALOG_COMPILER_APPICON_NAME = AppIcon;
				INFOPLIST_FILE = Latergram/Info.plist;
				LD_RUNPATH_SEARCH_PATHS = "$(inherited) @executable_path/Frameworks";
				PRODUCT_BUNDLE_IDENTIFIER = www.codepath.com.Latergram;
				PRODUCT_NAME = "$(TARGET_NAME)";
				SWIFT_VERSION = 3.0;
			};
			name = Release;
		};
		243AA6061E76573400FEB347 /* Debug */ = {
			isa = XCBuildConfiguration;
			baseConfigurationReference = E3552FFAF86A0DE962FD11E9 /* Pods-LatergramTests.debug.xcconfig */;
			buildSettings = {
				ALWAYS_EMBED_SWIFT_STANDARD_LIBRARIES = YES;
				BUNDLE_LOADER = "$(TEST_HOST)";
				INFOPLIST_FILE = LatergramTests/Info.plist;
				LD_RUNPATH_SEARCH_PATHS = "$(inherited) @executable_path/Frameworks @loader_path/Frameworks";
				PRODUCT_BUNDLE_IDENTIFIER = www.codepath.com.LatergramTests;
				PRODUCT_NAME = "$(TARGET_NAME)";
				SWIFT_VERSION = 3.0;
				TEST_HOST = "$(BUILT_PRODUCTS_DIR)/Latergram.app/Latergram";
			};
			name = Debug;
		};
		243AA6071E76573400FEB347 /* Release */ = {
			isa = XCBuildConfiguration;
			baseConfigurationReference = E0E5217821D05E4CDC121C7F /* Pods-LatergramTests.release.xcconfig */;
			buildSettings = {
				ALWAYS_EMBED_SWIFT_STANDARD_LIBRARIES = YES;
				BUNDLE_LOADER = "$(TEST_HOST)";
				INFOPLIST_FILE = LatergramTests/Info.plist;
				LD_RUNPATH_SEARCH_PATHS = "$(inherited) @executable_path/Frameworks @loader_path/Frameworks";
				PRODUCT_BUNDLE_IDENTIFIER = www.codepath.com.LatergramTests;
				PRODUCT_NAME = "$(TARGET_NAME)";
				SWIFT_VERSION = 3.0;
				TEST_HOST = "$(BUILT_PRODUCTS_DIR)/Latergram.app/Latergram";
			};
			name = Release;
		};
		243AA6091E76573400FEB347 /* Debug */ = {
			isa = XCBuildConfiguration;
			baseConfigurationReference = 3C88BE50A0FA4C988787A15B /* Pods-LatergramUITests.debug.xcconfig */;
			buildSettings = {
				ALWAYS_EMBED_SWIFT_STANDARD_LIBRARIES = YES;
				INFOPLIST_FILE = LatergramUITests/Info.plist;
				LD_RUNPATH_SEARCH_PATHS = "$(inherited) @executable_path/Frameworks @loader_path/Frameworks";
				PRODUCT_BUNDLE_IDENTIFIER = www.codepath.com.LatergramUITests;
				PRODUCT_NAME = "$(TARGET_NAME)";
				SWIFT_VERSION = 3.0;
				TEST_TARGET_NAME = Latergram;
			};
			name = Debug;
		};
		243AA60A1E76573400FEB347 /* Release */ = {
			isa = XCBuildConfiguration;
			baseConfigurationReference = D2FC09827B27C7A2F627DB4D /* Pods-LatergramUITests.release.xcconfig */;
			buildSettings = {
				ALWAYS_EMBED_SWIFT_STANDARD_LIBRARIES = YES;
				INFOPLIST_FILE = LatergramUITests/Info.plist;
				LD_RUNPATH_SEARCH_PATHS = "$(inherited) @executable_path/Frameworks @loader_path/Frameworks";
				PRODUCT_BUNDLE_IDENTIFIER = www.codepath.com.LatergramUITests;
				PRODUCT_NAME = "$(TARGET_NAME)";
				SWIFT_VERSION = 3.0;
				TEST_TARGET_NAME = Latergram;
			};
			name = Release;
		};
/* End XCBuildConfiguration section */

/* Begin XCConfigurationList section */
		243AA5D21E76573400FEB347 /* Build configuration list for PBXProject "Latergram" */ = {
			isa = XCConfigurationList;
			buildConfigurations = (
				243AA6001E76573400FEB347 /* Debug */,
				243AA6011E76573400FEB347 /* Release */,
			);
			defaultConfigurationIsVisible = 0;
			defaultConfigurationName = Release;
		};
		243AA6021E76573400FEB347 /* Build configuration list for PBXNativeTarget "Latergram" */ = {
			isa = XCConfigurationList;
			buildConfigurations = (
				243AA6031E76573400FEB347 /* Debug */,
				243AA6041E76573400FEB347 /* Release */,
			);
			defaultConfigurationIsVisible = 0;
			defaultConfigurationName = Release;
		};
		243AA6051E76573400FEB347 /* Build configuration list for PBXNativeTarget "LatergramTests" */ = {
			isa = XCConfigurationList;
			buildConfigurations = (
				243AA6061E76573400FEB347 /* Debug */,
				243AA6071E76573400FEB347 /* Release */,
			);
			defaultConfigurationIsVisible = 0;
			defaultConfigurationName = Release;
		};
		243AA6081E76573400FEB347 /* Build configuration list for PBXNativeTarget "LatergramUITests" */ = {
			isa = XCConfigurationList;
			buildConfigurations = (
				243AA6091E76573400FEB347 /* Debug */,
				243AA60A1E76573400FEB347 /* Release */,
			);
			defaultConfigurationIsVisible = 0;
			defaultConfigurationName = Release;
		};
/* End XCConfigurationList section */

/* Begin XCVersionGroup section */
		243AA5E11E76573400FEB347 /* Latergram.xcdatamodeld */ = {
			isa = XCVersionGroup;
			children = (
				243AA5E21E76573400FEB347 /* Latergram.xcdatamodel */,
			);
			currentVersion = 243AA5E21E76573400FEB347 /* Latergram.xcdatamodel */;
			path = Latergram.xcdatamodeld;
			sourceTree = "<group>";
			versionGroupType = wrapper.xcdatamodel;
		};
/* End XCVersionGroup section */
	};
	rootObject = 243AA5CF1E76573400FEB347 /* Project object */;
}
